{
    "_meta": {
        "hash": {
            "sha256": "66ba5c78127c5ccedb4f1e79ba8db88460f4c3912ec5d97f7f8937f857978939"
        },
        "pipfile-spec": 6,
        "requires": {
            "python_version": "3.9"
        },
        "sources": [
            {
                "name": "pypi",
                "url": "https://pypi.org/simple",
                "verify_ssl": true
            }
        ]
    },
    "default": {
        "rethinkdb": {
            "hashes": [
                "sha256:9f75a72bcd899ab0f6b0677873b89fba99c512bc7895eb5fbc1dc9a228b8aaee",
                "sha256:f491e016be554d0ceb4b7bbea22930b1e33aa48d20217207bf72bb355f06834e"
            ],
            "index": "pypi",
            "version": "==2.4.8"
        },
        "six": {
            "hashes": [
                "sha256:1e61c37477a1626458e36f7b1d82aa5c9b094fa4802892072e49de9c60c4c926",
                "sha256:8abb2f1d86890a2dfb989f9a77cfcfd3e47c2a354b01111771326f8aa26e0254"
            ],
            "markers": "python_version >= '2.7' and python_version not in '3.0, 3.1, 3.2'",
            "version": "==1.16.0"
        }
    },
    "develop": {}
}
